
Microsoft Visual Studio Solution File, Format Version 12.00
# Visual Studio Version 17
VisualStudioVersion = 17.4.33110.190
MinimumVisualStudioVersion = 10.0.40219.1
Project("{FAE04EC0-301F-11D3-BF4B-00C04F79EFBC}") = "Phone", "Phone\Phone.csproj", "{676E5860-6C6D-40E4-B57D-728E462CD417}"
EndProject
Global
	GlobalSection(SolutionConfigurationPlatforms) = preSolution
		Debug|Any CPU = Debug|Any CPU
		Release|Any CPU = Release|Any CPU
	EndGlobalSection
	GlobalSection(ProjectConfigurationPlatforms) = postSolution
		{676E5860-6C6D-40E4-B57D-728E462CD417}.Debug|Any CPU.ActiveCfg = Debug|Any CPU
		{676E5860-6C6D-40E4-B57D-728E462CD417}.Debug|Any CPU.Build.0 = Debug|Any CPU
		{676E5860-6C6D-40E4-B57D-728E462CD417}.Release|Any CPU.ActiveCfg = Release|Any CPU
		{676E5860-6C6D-40E4-B57D-728E462CD417}.Release|Any CPU.Build.0 = Release|Any CPU
	EndGlobalSection
	GlobalSection(SolutionProperties) = preSolution
		HideSolutionNode = FALSE
	EndGlobalSection
	GlobalSection(ExtensibilityGlobals) = postSolution
		SolutionGuid = {99D64CF5-93F7-4F88-9CBB-60055D465109}
	EndGlobalSection
EndGlobal
